{
  "name": "sitemap-generator",
  "lockfileVersion": 2,
  "requires": true,
  "packages": {
    "": {
      "name": "sitemap-generator",
      "license": "Apache-2.0",
      "dependencies": {
        "sitemap": "^7.1.0"
      },
      "devDependencies": {}
    },
    "node_modules/@types/node": {
      "version": "17.0.8",
      "resolved": "https://registry.npmjs.org/@types/node/-/node-17.0.8.tgz",
      "integrity": "sha512-YofkM6fGv4gDJq78g4j0mMuGMkZVxZDgtU0JRdx6FgiJDG+0fY0GKVolOV8WqVmEhLCXkQRjwDdKyPxJp/uucg=="
    },
    "node_modules/@types/sax": {
      "version": "1.2.3",
      "resolved": "https://registry.npmjs.org/@types/sax/-/sax-1.2.3.tgz",
      "integrity": "sha512-+QSw6Tqvs/KQpZX8DvIl3hZSjNFLW/OqE5nlyHXtTwODaJvioN2rOWpBNEWZp2HZUFhOh+VohmJku/WxEXU2XA==",
      "dependencies": {
        "@types/node": "*"
      }
    },
    "node_modules/arg": {
      "version": "5.0.1",
      "resolved": "https://registry.npmjs.org/arg/-/arg-5.0.1.tgz",
      "integrity": "sha512-e0hDa9H2Z9AwFkk2qDlwhoMYE4eToKarchkQHovNdLTCYMHZHeRjI71crOh+dio4K6u1IcwubQqo79Ga4CyAQA=="
    },
    "node_modules/sax": {
      "version": "1.2.4",
      "resolved": "https://registry.npmjs.org/sax/-/sax-1.2.4.tgz",
      "integrity": "sha512-NqVDv9TpANUjFm0N8uM5GxL36UgKi9/atZw+x7YFnQ8ckwFGKrl4xX4yWtrey3UJm5nP1kUbnYgLopqWNSRhWw=="
    },
    "node_modules/sitemap": {
      "version": "7.1.0",
      "resolved": "https://registry.npmjs.org/sitemap/-/sitemap-7.1.0.tgz",
      "integrity": "sha512-OctwI2RYFj3Lnoutix0Qhow3AvDoUQ7rsSyzrY8wFKHqXYvmCJXFOBZyVU4/DDtsQ2KnEWY4j4j80hBHBOVEWQ==",
      "dependencies": {
        "@types/node": "^17.0.5",
        "@types/sax": "^1.2.1",
        "arg": "^5.0.0",
        "sax": "^1.2.4"
      },
      "bin": {
        "sitemap": "dist/cli.js"
      },
      "engines": {
        "node": ">=12.0.0",
        "npm": ">=5.6.0"
      }
    }
  },
  "dependencies": {
    "@types/node": {
      "version": "17.0.8",
      "resolved": "https://registry.npmjs.org/@types/node/-/node-17.0.8.tgz",
      "integrity": "sha512-YofkM6fGv4gDJq78g4j0mMuGMkZVxZDgtU0JRdx6FgiJDG+0fY0GKVolOV8WqVmEhLCXkQRjwDdKyPxJp/uucg=="
    },
    "@types/sax": {
      "version": "1.2.3",
      "resolved": "https://registry.npmjs.org/@types/sax/-/sax-1.2.3.tgz",
      "integrity": "sha512-+QSw6Tqvs/KQpZX8DvIl3hZSjNFLW/OqE5nlyHXtTwODaJvioN2rOWpBNEWZp2HZUFhOh+VohmJku/WxEXU2XA==",
      "requires": {
        "@types/node": "*"
      }
    },
    "arg": {
      "version": "5.0.1",
      "resolved": "https://registry.npmjs.org/arg/-/arg-5.0.1.tgz",
      "integrity": "sha512-e0hDa9H2Z9AwFkk2qDlwhoMYE4eToKarchkQHovNdLTCYMHZHeRjI71crOh+dio4K6u1IcwubQqo79Ga4CyAQA=="
    },
    "sax": {
      "version": "1.2.4",
      "resolved": "https://registry.npmjs.org/sax/-/sax-1.2.4.tgz",
      "integrity": "sha512-NqVDv9TpANUjFm0N8uM5GxL36UgKi9/atZw+x7YFnQ8ckwFGKrl4xX4yWtrey3UJm5nP1kUbnYgLopqWNSRhWw=="
    },
    "sitemap": {
      "version": "7.1.0",
      "resolved": "https://registry.npmjs.org/sitemap/-/sitemap-7.1.0.tgz",
      "integrity": "sha512-OctwI2RYFj3Lnoutix0Qhow3AvDoUQ7rsSyzrY8wFKHqXYvmCJXFOBZyVU4/DDtsQ2KnEWY4j4j80hBHBOVEWQ==",
      "requires": {
        "@types/node": "^17.0.5",
        "@types/sax": "^1.2.1",
        "arg": "^5.0.0",
        "sax": "^1.2.4"
      }
    }
  }
}
